// !$*UTF8*$!
{
	archiveVersion = 1;
	classes = {
	};
	objectVersion = 50;
	objects = {

/* Begin PBXBuildFile section */
		B02A1967265CDCC5004DEC2C /* ImageClassifyViewController.swift in Sources */ = {isa = PBXBuildFile; fileRef = B02A1966265CDCC5004DEC2C /* ImageClassifyViewController.swift */; };
		B02A196A265CDD22004DEC2C /* SystemMLType.swift in Sources */ = {isa = PBXBuildFile; fileRef = B02A1969265CDD22004DEC2C /* SystemMLType.swift */; };
		B02A196C265CDDAB004DEC2C /* SystemMLBaseViewController.swift in Sources */ = {isa = PBXBuildFile; fileRef = B02A196B265CDDAB004DEC2C /* SystemMLBaseViewController.swift */; };
		B02A196E265CEEC7004DEC2C /* ObjectDetectViewController.swift in Sources */ = {isa = PBXBuildFile; fileRef = B02A196D265CEEC7004DEC2C /* ObjectDetectViewController.swift */; };
		B0EFBFE6265BB9C400507015 /* AppDelegate.swift in Sources */ = {isa = PBXBuildFile; fileRef = B0EFBFE5265BB9C400507015 /* AppDelegate.swift */; };
		B0EFBFE8265BB9C400507015 /* SceneDelegate.swift in Sources */ = {isa = PBXBuildFile; fileRef = B0EFBFE7265BB9C400507015 /* SceneDelegate.swift */; };
		B0EFBFEA265BB9C400507015 /* ViewController.swift in Sources */ = {isa = PBXBuildFile; fileRef = B0EFBFE9265BB9C400507015 /* ViewController.swift */; };
		B0EFBFED265BB9C400507015 /* Main.storyboard in Resources */ = {isa = PBXBuildFile; fileRef = B0EFBFEB265BB9C400507015 /* Main.storyboard */; };
		B0EFBFEF265BB9C500507015 /* Assets.xcassets in Resources */ = {isa = PBXBuildFile; fileRef = B0EFBFEE265BB9C500507015 /* Assets.xcassets */; };
		B0EFBFF2265BB9C500507015 /* LaunchScreen.storyboard in Resources */ = {isa = PBXBuildFile; fileRef = B0EFBFF0265BB9C500507015 /* LaunchScreen.storyboard */; };
		B0EFBFFD265BB9C600507015 /* MachineLearningBasedSystemTests.swift in Sources */ = {isa = PBXBuildFile; fileRef = B0EFBFFC265BB9C600507015 /* MachineLearningBasedSystemTests.swift */; };
		B0EFC008265BB9C600507015 /* MachineLearningBasedSystemUITests.swift in Sources */ = {isa = PBXBuildFile; fileRef = B0EFC007265BB9C600507015 /* MachineLearningBasedSystemUITests.swift */; };
		B0EFC018265BBC2600507015 /* MLCapture.swift in Sources */ = {isa = PBXBuildFile; fileRef = B0EFC017265BBC2600507015 /* MLCapture.swift */; };
/* End PBXBuildFile section */

/* Begin PBXContainerItemProxy section */
		B0EFBFF9265BB9C600507015 /* PBXContainerItemProxy */ = {
			isa = PBXContainerItemProxy;
			containerPortal = B0EFBFDA265BB9C400507015 /* Project object */;
			proxyType = 1;
			remoteGlobalIDString = B0EFBFE1265BB9C400507015;
			remoteInfo = MachineLearningBasedSystem;
		};
		B0EFC004265BB9C600507015 /* PBXContainerItemProxy */ = {
			isa = PBXContainerItemProxy;
			containerPortal = B0EFBFDA265BB9C400507015 /* Project object */;
			proxyType = 1;
			remoteGlobalIDString = B0EFBFE1265BB9C400507015;
			remoteInfo = MachineLearningBasedSystem;
		};
/* End PBXContainerItemProxy section */

/* Begin PBXFileReference section */
		B02A1966265CDCC5004DEC2C /* ImageClassifyViewController.swift */ = {isa = PBXFileReference; lastKnownFileType = sourcecode.swift; path = ImageClassifyViewController.swift; sourceTree = "<group>"; };
		B02A1969265CDD22004DEC2C /* SystemMLType.swift */ = {isa = PBXFileReference; lastKnownFileType = sourcecode.swift; path = SystemMLType.swift; sourceTree = "<group>"; };
		B02A196B265CDDAB004DEC2C /* SystemMLBaseViewController.swift */ = {isa = PBXFileReference; lastKnownFileType = sourcecode.swift; path = SystemMLBaseViewController.swift; sourceTree = "<group>"; };
		B02A196D265CEEC7004DEC2C /* ObjectDetectViewController.swift */ = {isa = PBXFileReference; lastKnownFileType = sourcecode.swift; path = ObjectDetectViewController.swift; sourceTree = "<group>"; };
		B0EFBFE2265BB9C400507015 /* MachineLearningBasedSystem.app */ = {isa = PBXFileReference; explicitFileType = wrapper.application; includeInIndex = 0; path = MachineLearningBasedSystem.app; sourceTree = BUILT_PRODUCTS_DIR; };
		B0EFBFE5265BB9C400507015 /* AppDelegate.swift */ = {isa = PBXFileReference; lastKnownFileType = sourcecode.swift; path = AppDelegate.swift; sourceTree = "<group>"; };
		B0EFBFE7265BB9C400507015 /* SceneDelegate.swift */ = {isa = PBXFileReference; lastKnownFileType = sourcecode.swift; path = SceneDelegate.swift; sourceTree = "<group>"; };
		B0EFBFE9265BB9C400507015 /* ViewController.swift */ = {isa = PBXFileReference; lastKnownFileType = sourcecode.swift; path = ViewController.swift; sourceTree = "<group>"; };
		B0EFBFEC265BB9C400507015 /* Base */ = {isa = PBXFileReference; lastKnownFileType = file.storyboard; name = Base; path = Base.lproj/Main.storyboard; sourceTree = "<group>"; };
		B0EFBFEE265BB9C500507015 /* Assets.xcassets */ = {isa = PBXFileReference; lastKnownFileType = folder.assetcatalog; path = Assets.xcassets; sourceTree = "<group>"; };
		B0EFBFF1265BB9C500507015 /* Base */ = {isa = PBXFileReference; lastKnownFileType = file.storyboard; name = Base; path = Base.lproj/LaunchScreen.storyboard; sourceTree = "<group>"; };
		B0EFBFF3265BB9C500507015 /* Info.plist */ = {isa = PBXFileReference; lastKnownFileType = text.plist.xml; path = Info.plist; sourceTree = "<group>"; };
		B0EFBFF8265BB9C600507015 /* MachineLearningBasedSystemTests.xctest */ = {isa = PBXFileReference; explicitFileType = wrapper.cfbundle; includeInIndex = 0; path = MachineLearningBasedSystemTests.xctest; sourceTree = BUILT_PRODUCTS_DIR; };
		B0EFBFFC265BB9C600507015 /* MachineLearningBasedSystemTests.swift */ = {isa = PBXFileReference; lastKnownFileType = sourcecode.swift; path = MachineLearningBasedSystemTests.swift; sourceTree = "<group>"; };
		B0EFBFFE265BB9C600507015 /* Info.plist */ = {isa = PBXFileReference; lastKnownFileType = text.plist.xml; path = Info.plist; sourceTree = "<group>"; };
		B0EFC003265BB9C600507015 /* MachineLearningBasedSystemUITests.xctest */ = {isa = PBXFileReference; explicitFileType = wrapper.cfbundle; includeInIndex = 0; path = MachineLearningBasedSystemUITests.xctest; sourceTree = BUILT_PRODUCTS_DIR; };
		B0EFC007265BB9C600507015 /* MachineLearningBasedSystemUITests.swift */ = {isa = PBXFileReference; lastKnownFileType = sourcecode.swift; path = MachineLearningBasedSystemUITests.swift; sourceTree = "<group>"; };
		B0EFC009265BB9C600507015 /* Info.plist */ = {isa = PBXFileReference; lastKnownFileType = text.plist.xml; path = Info.plist; sourceTree = "<group>"; };
		B0EFC017265BBC2600507015 /* MLCapture.swift */ = {isa = PBXFileReference; lastKnownFileType = sourcecode.swift; path = MLCapture.swift; sourceTree = "<group>"; };
/* End PBXFileReference section */

/* Begin PBXFrameworksBuildPhase section */
		B0EFBFDF265BB9C400507015 /* Frameworks */ = {
			isa = PBXFrameworksBuildPhase;
			buildActionMask = 2147483647;
			files = (
			);
			runOnlyForDeploymentPostprocessing = 0;
		};
		B0EFBFF5265BB9C600507015 /* Frameworks */ = {
			isa = PBXFrameworksBuildPhase;
			buildActionMask = 2147483647;
			files = (
			);
			runOnlyForDeploymentPostprocessing = 0;
		};
		B0EFC000265BB9C600507015 /* Frameworks */ = {
			isa = PBXFrameworksBuildPhase;
			buildActionMask = 2147483647;
			files = (
			);
			runOnlyForDeploymentPostprocessing = 0;
		};
/* End PBXFrameworksBuildPhase section */

/* Begin PBXGroup section */
		B02A1968265CDD01004DEC2C /* Common */ = {
			isa = PBXGroup;
			children = (
				B0EFC017265BBC2600507015 /* MLCapture.swift */,
				B02A1969265CDD22004DEC2C /* SystemMLType.swift */,
				B02A196B265CDDAB004DEC2C /* SystemMLBaseViewController.swift */,
			);
			path = Common;
			sourceTree = "<group>";
		};
		B0EFBFD9265BB9C400507015 = {
			isa = PBXGroup;
			children = (
				B0EFBFE4265BB9C400507015 /* MachineLearningBasedSystem */,
				B0EFBFFB265BB9C600507015 /* MachineLearningBasedSystemTests */,
				B0EFC006265BB9C600507015 /* MachineLearningBasedSystemUITests */,
				B0EFBFE3265BB9C400507015 /* Products */,
			);
			sourceTree = "<group>";
		};
		B0EFBFE3265BB9C400507015 /* Products */ = {
			isa = PBXGroup;
			children = (
				B0EFBFE2265BB9C400507015 /* MachineLearningBasedSystem.app */,
				B0EFBFF8265BB9C600507015 /* MachineLearningBasedSystemTests.xctest */,
				B0EFC003265BB9C600507015 /* MachineLearningBasedSystemUITests.xctest */,
			);
			name = Products;
			sourceTree = "<group>";
		};
		B0EFBFE4265BB9C400507015 /* MachineLearningBasedSystem */ = {
			isa = PBXGroup;
			children = (
				B02A1968265CDD01004DEC2C /* Common */,
				B0EFC016265BBBBF00507015 /* ObjectDetection */,
				B0EFC015265BBBAB00507015 /* ImageClassify */,
				B0EFBFE5265BB9C400507015 /* AppDelegate.swift */,
				B0EFBFE7265BB9C400507015 /* SceneDelegate.swift */,
				B0EFBFE9265BB9C400507015 /* ViewController.swift */,
				B0EFBFEB265BB9C400507015 /* Main.storyboard */,
				B0EFBFEE265BB9C500507015 /* Assets.xcassets */,
				B0EFBFF0265BB9C500507015 /* LaunchScreen.storyboard */,
				B0EFBFF3265BB9C500507015 /* Info.plist */,
			);
			path = MachineLearningBasedSystem;
			sourceTree = "<group>";
		};
		B0EFBFFB265BB9C600507015 /* MachineLearningBasedSystemTests */ = {
			isa = PBXGroup;
			children = (
				B0EFBFFC265BB9C600507015 /* MachineLearningBasedSystemTests.swift */,
				B0EFBFFE265BB9C600507015 /* Info.plist */,
			);
			path = MachineLearningBasedSystemTests;
			sourceTree = "<group>";
		};
		B0EFC006265BB9C600507015 /* MachineLearningBasedSystemUITests */ = {
			isa = PBXGroup;
			children = (
				B0EFC007265BB9C600507015 /* MachineLearningBasedSystemUITests.swift */,
				B0EFC009265BB9C600507015 /* Info.plist */,
			);
			path = MachineLearningBasedSystemUITests;
			sourceTree = "<group>";
		};
		B0EFC015265BBBAB00507015 /* ImageClassify */ = {
			isa = PBXGroup;
			children = (
				B02A1966265CDCC5004DEC2C /* ImageClassifyViewController.swift */,
			);
			path = ImageClassify;
			sourceTree = "<group>";
		};
		B0EFC016265BBBBF00507015 /* ObjectDetection */ = {
			isa = PBXGroup;
			children = (
				B02A196D265CEEC7004DEC2C /* ObjectDetectViewController.swift */,
			);
			path = ObjectDetection;
			sourceTree = "<group>";
		};
/* End PBXGroup section */

/* Begin PBXNativeTarget section */
		B0EFBFE1265BB9C400507015 /* MachineLearningBasedSystem */ = {
			isa = PBXNativeTarget;
			buildConfigurationList = B0EFC00C265BB9C600507015 /* Build configuration list for PBXNativeTarget "MachineLearningBasedSystem" */;
			buildPhases = (
				B0EFBFDE265BB9C400507015 /* Sources */,
				B0EFBFDF265BB9C400507015 /* Frameworks */,
				B0EFBFE0265BB9C400507015 /* Resources */,
			);
			buildRules = (
			);
			dependencies = (
			);
			name = MachineLearningBasedSystem;
			productName = MachineLearningBasedSystem;
			productReference = B0EFBFE2265BB9C400507015 /* MachineLearningBasedSystem.app */;
			productType = "com.apple.product-type.application";
		};
		B0EFBFF7265BB9C600507015 /* MachineLearningBasedSystemTests */ = {
			isa = PBXNativeTarget;
			buildConfigurationList = B0EFC00F265BB9C600507015 /* Build configuration list for PBXNativeTarget "MachineLearningBasedSystemTests" */;
			buildPhases = (
				B0EFBFF4265BB9C600507015 /* Sources */,
				B0EFBFF5265BB9C600507015 /* Frameworks */,
				B0EFBFF6265BB9C600507015 /* Resources */,
			);
			buildRules = (
			);
			dependencies = (
				B0EFBFFA265BB9C600507015 /* PBXTargetDependency */,
			);
			name = MachineLearningBasedSystemTests;
			productName = MachineLearningBasedSystemTests;
			productReference = B0EFBFF8265BB9C600507015 /* MachineLearningBasedSystemTests.xctest */;
			productType = "com.apple.product-type.bundle.unit-test";
		};
		B0EFC002265BB9C600507015 /* MachineLearningBasedSystemUITests */ = {
			isa = PBXNativeTarget;
			buildConfigurationList = B0EFC012265BB9C600507015 /* Build configuration list for PBXNativeTarget "MachineLearningBasedSystemUITests" */;
			buildPhases = (
				B0EFBFFF265BB9C600507015 /* Sources */,
				B0EFC000265BB9C600507015 /* Frameworks */,
				B0EFC001265BB9C600507015 /* Resources */,
			);
			buildRules = (
			);
			dependencies = (
				B0EFC005265BB9C600507015 /* PBXTargetDependency */,
			);
			name = MachineLearningBasedSystemUITests;
			productName = MachineLearningBasedSystemUITests;
			productReference = B0EFC003265BB9C600507015 /* MachineLearningBasedSystemUITests.xctest */;
			productType = "com.apple.product-type.bundle.ui-testing";
		};
/* End PBXNativeTarget section */

/* Begin PBXProject section */
		B0EFBFDA265BB9C400507015 /* Project object */ = {
			isa = PBXProject;
			attributes = {
				LastSwiftUpdateCheck = 1250;
				LastUpgradeCheck = 1250;
				TargetAttributes = {
					B0EFBFE1265BB9C400507015 = {
						CreatedOnToolsVersion = 12.5;
					};
					B0EFBFF7265BB9C600507015 = {
						CreatedOnToolsVersion = 12.5;
						TestTargetID = B0EFBFE1265BB9C400507015;
					};
					B0EFC002265BB9C600507015 = {
						CreatedOnToolsVersion = 12.5;
						TestTargetID = B0EFBFE1265BB9C400507015;
					};
				};
			};
			buildConfigurationList = B0EFBFDD265BB9C400507015 /* Build configuration list for PBXProject "MachineLearningBasedSystem" */;
			compatibilityVersion = "Xcode 9.3";
			developmentRegion = en;
			hasScannedForEncodings = 0;
			knownRegions = (
				en,
				Base,
			);
			mainGroup = B0EFBFD9265BB9C400507015;
			productRefGroup = B0EFBFE3265BB9C400507015 /* Products */;
			projectDirPath = "";
			projectRoot = "";
			targets = (
				B0EFBFE1265BB9C400507015 /* MachineLearningBasedSystem */,
				B0EFBFF7265BB9C600507015 /* MachineLearningBasedSystemTests */,
				B0EFC002265BB9C600507015 /* MachineLearningBasedSystemUITests */,
			);
		};
/* End PBXProject section */

/* Begin PBXResourcesBuildPhase section */
		B0EFBFE0265BB9C400507015 /* Resources */ = {
			isa = PBXResourcesBuildPhase;
			buildActionMask = 2147483647;
			files = (
				B0EFBFF2265BB9C500507015 /* LaunchScreen.storyboard in Resources */,
				B0EFBFEF265BB9C500507015 /* Assets.xcassets in Resources */,
				B0EFBFED265BB9C400507015 /* Main.storyboard in Resources */,
			);
			runOnlyForDeploymentPostprocessing = 0;
		};
		B0EFBFF6265BB9C600507015 /* Resources */ = {
			isa = PBXResourcesBuildPhase;
			buildActionMask = 2147483647;
			files = (
			);
			runOnlyForDeploymentPostprocessing = 0;
		};
		B0EFC001265BB9C600507015 /* Resources */ = {
			isa = PBXResourcesBuildPhase;
			buildActionMask = 2147483647;
			files = (
			);
			runOnlyForDeploymentPostprocessing = 0;
		};
/* End PBXResourcesBuildPhase section */

/* Begin PBXSourcesBuildPhase section */
		B0EFBFDE265BB9C400507015 /* Sources */ = {
			isa = PBXSourcesBuildPhase;
			buildActionMask = 2147483647;
			files = (
				B0EFBFEA265BB9C400507015 /* ViewController.swift in Sources */,
				B0EFBFE6265BB9C400507015 /* AppDelegate.swift in Sources */,
				B0EFBFE8265BB9C400507015 /* SceneDelegate.swift in Sources */,
				B02A196C265CDDAB004DEC2C /* SystemMLBaseViewController.swift in Sources */,
				B02A196E265CEEC7004DEC2C /* ObjectDetectViewController.swift in Sources */,
				B02A196A265CDD22004DEC2C /* SystemMLType.swift in Sources */,
				B02A1967265CDCC5004DEC2C /* ImageClassifyViewController.swift in Sources */,
				B0EFC018265BBC2600507015 /* MLCapture.swift in Sources */,
			);
			runOnlyForDeploymentPostprocessing = 0;
		};
		B0EFBFF4265BB9C600507015 /* Sources */ = {
			isa = PBXSourcesBuildPhase;
			buildActionMask = 2147483647;
			files = (
				B0EFBFFD265BB9C600507015 /* MachineLearningBasedSystemTests.swift in Sources */,
			);
			runOnlyForDeploymentPostprocessing = 0;
		};
		B0EFBFFF265BB9C600507015 /* Sources */ = {
			isa = PBXSourcesBuildPhase;
			buildActionMask = 2147483647;
			files = (
				B0EFC008265BB9C600507015 /* MachineLearningBasedSystemUITests.swift in Sources */,
			);
			runOnlyForDeploymentPostprocessing = 0;
		};
/* End PBXSourcesBuildPhase section */

/* Begin PBXTargetDependency section */
		B0EFBFFA265BB9C600507015 /* PBXTargetDependency */ = {
			isa = PBXTargetDependency;
			target = B0EFBFE1265BB9C400507015 /* MachineLearningBasedSystem */;
			targetProxy = B0EFBFF9265BB9C600507015 /* PBXContainerItemProxy */;
		};
		B0EFC005265BB9C600507015 /* PBXTargetDependency */ = {
			isa = PBXTargetDependency;
			target = B0EFBFE1265BB9C400507015 /* MachineLearningBasedSystem */;
			targetProxy = B0EFC004265BB9C600507015 /* PBXContainerItemProxy */;
		};
/* End PBXTargetDependency section */

/* Begin PBXVariantGroup section */
		B0EFBFEB265BB9C400507015 /* Main.storyboard */ = {
			isa = PBXVariantGroup;
			children = (
				B0EFBFEC265BB9C400507015 /* Base */,
			);
			name = Main.storyboard;
			sourceTree = "<group>";
		};
		B0EFBFF0265BB9C500507015 /* LaunchScreen.storyboard */ = {
			isa = PBXVariantGroup;
			children = (
				B0EFBFF1265BB9C500507015 /* Base */,
			);
			name = LaunchScreen.storyboard;
			sourceTree = "<group>";
		};
/* End PBXVariantGroup section */

/* Begin XCBuildConfiguration section */
		B0EFC00A265BB9C600507015 /* Debug */ = {
			isa = XCBuildConfiguration;
			buildSettings = {
				ALWAYS_SEARCH_USER_PATHS = NO;
				CLANG_ANALYZER_NONNULL = YES;
				CLANG_ANALYZER_NUMBER_OBJECT_CONVERSION = YES_AGGRESSIVE;
				CLANG_CXX_LANGUAGE_STANDARD = "gnu++14";
				CLANG_CXX_LIBRARY = "libc++";
				CLANG_ENABLE_MODULES = YES;
				CLANG_ENABLE_OBJC_ARC = YES;
				CLANG_ENABLE_OBJC_WEAK = YES;
				CLANG_WARN_BLOCK_CAPTURE_AUTORELEASING = YES;
				CLANG_WARN_BOOL_CONVERSION = YES;
				CLANG_WARN_COMMA = YES;
				CLANG_WARN_CONSTANT_CONVERSION = YES;
				CLANG_WARN_DEPRECATED_OBJC_IMPLEMENTATIONS = YES;
				CLANG_WARN_DIRECT_OBJC_ISA_USAGE = YES_ERROR;
				CLANG_WARN_DOCUMENTATION_COMMENTS = YES;
				CLANG_WARN_EMPTY_BODY = YES;
				CLANG_WARN_ENUM_CONVERSION = YES;
				CLANG_WARN_INFINITE_RECURSION = YES;
				CLANG_WARN_INT_CONVERSION = YES;
				CLANG_WARN_NON_LITERAL_NULL_CONVERSION = YES;
				CLANG_WARN_OBJC_IMPLICIT_RETAIN_SELF = YES;
				CLANG_WARN_OBJC_LITERAL_CONVERSION = YES;
				CLANG_WARN_OBJC_ROOT_CLASS = YES_ERROR;
				CLANG_WARN_QUOTED_INCLUDE_IN_FRAMEWORK_HEADER = YES;
				CLANG_WARN_RANGE_LOOP_ANALYSIS = YES;
				CLANG_WARN_STRICT_PROTOTYPES = YES;
				CLANG_WARN_SUSPICIOUS_MOVE = YES;
				CLANG_WARN_UNGUARDED_AVAILABILITY = YES_AGGRESSIVE;
				CLANG_WARN_UNREACHABLE_CODE = YES;
				CLANG_WARN__DUPLICATE_METHOD_MATCH = YES;
				COPY_PHASE_STRIP = NO;
				DEBUG_INFORMATION_FORMAT = dwarf;
				ENABLE_STRICT_OBJC_MSGSEND = YES;
				ENABLE_TESTABILITY = YES;
				GCC_C_LANGUAGE_STANDARD = gnu11;
				GCC_DYNAMIC_NO_PIC = NO;
				GCC_NO_COMMON_BLOCKS = YES;
				GCC_OPTIMIZATION_LEVEL = 0;
				GCC_PREPROCESSOR_DEFINITIONS = (
					"DEBUG=1",
					"$(inherited)",
				);
				GCC_WARN_64_TO_32_BIT_CONVERSION = YES;
				GCC_WARN_ABOUT_RETURN_TYPE = YES_ERROR;
				GCC_WARN_UNDECLARED_SELECTOR = YES;
				GCC_WARN_UNINITIALIZED_AUTOS = YES_AGGRESSIVE;
				GCC_WARN_UNUSED_FUNCTION = YES;
				GCC_WARN_UNUSED_VARIABLE = YES;
				IPHONEOS_DEPLOYMENT_TARGET = 14.5;
				MTL_ENABLE_DEBUG_INFO = INCLUDE_SOURCE;
				MTL_FAST_MATH = YES;
				ONLY_ACTIVE_ARCH = YES;
				SDKROOT = iphoneos;
				SWIFT_ACTIVE_COMPILATION_CONDITIONS = DEBUG;
				SWIFT_OPTIMIZATION_LEVEL = "-Onone";
			};
			name = Debug;
		};
		B0EFC00B265BB9C600507015 /* Release */ = {
			isa = XCBuildConfiguration;
			buildSettings = {
				ALWAYS_SEARCH_USER_PATHS = NO;
				CLANG_ANALYZER_NONNULL = YES;
				CLANG_ANALYZER_NUMBER_OBJECT_CONVERSION = YES_AGGRESSIVE;
				CLANG_CXX_LANGUAGE_STANDARD = "gnu++14";
				CLANG_CXX_LIBRARY = "libc++";
				CLANG_ENABLE_MODULES = YES;
				CLANG_ENABLE_OBJC_ARC = YES;
				CLANG_ENABLE_OBJC_WEAK = YES;
				CLANG_WARN_BLOCK_CAPTURE_AUTORELEASING = YES;
				CLANG_WARN_BOOL_CONVERSION = YES;
				CLANG_WARN_COMMA = YES;
				CLANG_WARN_CONSTANT_CONVERSION = YES;
				CLANG_WARN_DEPRECATED_OBJC_IMPLEMENTATIONS = YES;
				CLANG_WARN_DIRECT_OBJC_ISA_USAGE = YES_ERROR;
				CLANG_WARN_DOCUMENTATION_COMMENTS = YES;
				CLANG_WARN_EMPTY_BODY = YES;
				CLANG_WARN_ENUM_CONVERSION = YES;
				CLANG_WARN_INFINITE_RECURSION = YES;
				CLANG_WARN_INT_CONVERSION = YES;
				CLANG_WARN_NON_LITERAL_NULL_CONVERSION = YES;
				CLANG_WARN_OBJC_IMPLICIT_RETAIN_SELF = YES;
				CLANG_WARN_OBJC_LITERAL_CONVERSION = YES;
				CLANG_WARN_OBJC_ROOT_CLASS = YES_ERROR;
				CLANG_WARN_QUOTED_INCLUDE_IN_FRAMEWORK_HEADER = YES;
				CLANG_WARN_RANGE_LOOP_ANALYSIS = YES;
				CLANG_WARN_STRICT_PROTOTYPES = YES;
				CLANG_WARN_SUSPICIOUS_MOVE = YES;
				CLANG_WARN_UNGUARDED_AVAILABILITY = YES_AGGRESSIVE;
				CLANG_WARN_UNREACHABLE_CODE = YES;
				CLANG_WARN__DUPLICATE_METHOD_MATCH = YES;
				COPY_PHASE_STRIP = NO;
				DEBUG_INFORMATION_FORMAT = "dwarf-with-dsym";
				ENABLE_NS_ASSERTIONS = NO;
				ENABLE_STRICT_OBJC_MSGSEND = YES;
				GCC_C_LANGUAGE_STANDARD = gnu11;
				GCC_NO_COMMON_BLOCKS = YES;
				GCC_WARN_64_TO_32_BIT_CONVERSION = YES;
				GCC_WARN_ABOUT_RETURN_TYPE = YES_ERROR;
				GCC_WARN_UNDECLARED_SELECTOR = YES;
				GCC_WARN_UNINITIALIZED_AUTOS = YES_AGGRESSIVE;
				GCC_WARN_UNUSED_FUNCTION = YES;
				GCC_WARN_UNUSED_VARIABLE = YES;
				IPHONEOS_DEPLOYMENT_TARGET = 14.5;
				MTL_ENABLE_DEBUG_INFO = NO;
				MTL_FAST_MATH = YES;
				SDKROOT = iphoneos;
				SWIFT_COMPILATION_MODE = wholemodule;
				SWIFT_OPTIMIZATION_LEVEL = "-O";
				VALIDATE_PRODUCT = YES;
			};
			name = Release;
		};
		B0EFC00D265BB9C600507015 /* Debug */ = {
			isa = XCBuildConfiguration;
			buildSettings = {
				ASSETCATALOG_COMPILER_APPICON_NAME = AppIcon;
				ASSETCATALOG_COMPILER_GLOBAL_ACCENT_COLOR_NAME = AccentColor;
				CODE_SIGN_STYLE = Automatic;
				INFOPLIST_FILE = MachineLearningBasedSystem/Info.plist;
				IPHONEOS_DEPLOYMENT_TARGET = 11.0;
				LD_RUNPATH_SEARCH_PATHS = (
					"$(inherited)",
					"@executable_path/Frameworks",
				);
				PRODUCT_BUNDLE_IDENTIFIER = jd.MachineLearningBasedSystem;
				PRODUCT_NAME = "$(TARGET_NAME)";
				SWIFT_VERSION = 5.0;
				TARGETED_DEVICE_FAMILY = "1,2";
			};
			name = Debug;
		};
		B0EFC00E265BB9C600507015 /* Release */ = {
			isa = XCBuildConfiguration;
			buildSettings = {
				ASSETCATALOG_COMPILER_APPICON_NAME = AppIcon;
				ASSETCATALOG_COMPILER_GLOBAL_ACCENT_COLOR_NAME = AccentColor;
				CODE_SIGN_STYLE = Automatic;
				INFOPLIST_FILE = MachineLearningBasedSystem/Info.plist;
				IPHONEOS_DEPLOYMENT_TARGET = 11.0;
				LD_RUNPATH_SEARCH_PATHS = (
					"$(inherited)",
					"@executable_path/Frameworks",
				);
				PRODUCT_BUNDLE_IDENTIFIER = jd.MachineLearningBasedSystem;
				PRODUCT_NAME = "$(TARGET_NAME)";
				SWIFT_VERSION = 5.0;
				TARGETED_DEVICE_FAMILY = "1,2";
			};
			name = Release;
		};
		B0EFC010265BB9C600507015 /* Debug */ = {
			isa = XCBuildConfiguration;
			buildSettings = {
				ALWAYS_EMBED_SWIFT_STANDARD_LIBRARIES = YES;
				BUNDLE_LOADER = "$(TEST_HOST)";
				CODE_SIGN_STYLE = Automatic;
				INFOPLIST_FILE = MachineLearningBasedSystemTests/Info.plist;
				IPHONEOS_DEPLOYMENT_TARGET = 14.5;
				LD_RUNPATH_SEARCH_PATHS = (
					"$(inherited)",
					"@executable_path/Frameworks",
					"@loader_path/Frameworks",
				);
				PRODUCT_BUNDLE_IDENTIFIER = jd.MachineLearningBasedSystemTests;
				PRODUCT_NAME = "$(TARGET_NAME)";
				SWIFT_VERSION = 5.0;
				TARGETED_DEVICE_FAMILY = "1,2";
				TEST_HOST = "$(BUILT_PRODUCTS_DIR)/MachineLearningBasedSystem.app/MachineLearningBasedSystem";
			};
			name = Debug;
		};
		B0EFC011265BB9C600507015 /* Release */ = {
			isa = XCBuildConfiguration;
			buildSettings = {
				ALWAYS_EMBED_SWIFT_STANDARD_LIBRARIES = YES;
				BUNDLE_LOADER = "$(TEST_HOST)";
				CODE_SIGN_STYLE = Automatic;
				INFOPLIST_FILE = MachineLearningBasedSystemTests/Info.plist;
				IPHONEOS_DEPLOYMENT_TARGET = 14.5;
				LD_RUNPATH_SEARCH_PATHS = (
					"$(inherited)",
					"@executable_path/Frameworks",
					"@loader_path/Frameworks",
				);
				PRODUCT_BUNDLE_IDENTIFIER = jd.MachineLearningBasedSystemTests;
				PRODUCT_NAME = "$(TARGET_NAME)";
				SWIFT_VERSION = 5.0;
				TARGETED_DEVICE_FAMILY = "1,2";
				TEST_HOST = "$(BUILT_PRODUCTS_DIR)/MachineLearningBasedSystem.app/MachineLearningBasedSystem";
			};
			name = Release;
		};
		B0EFC013265BB9C600507015 /* Debug */ = {
			isa = XCBuildConfiguration;
			buildSettings = {
				ALWAYS_EMBED_SWIFT_STANDARD_LIBRARIES = YES;
				CODE_SIGN_STYLE = Automatic;
				INFOPLIST_FILE = MachineLearningBasedSystemUITests/Info.plist;
				LD_RUNPATH_SEARCH_PATHS = (
					"$(inherited)",
					"@executable_path/Frameworks",
					"@loader_path/Frameworks",
				);
				PRODUCT_BUNDLE_IDENTIFIER = jd.MachineLearningBasedSystemUITests;
				PRODUCT_NAME = "$(TARGET_NAME)";
				SWIFT_VERSION = 5.0;
				TARGETED_DEVICE_FAMILY = "1,2";
				TEST_TARGET_NAME = MachineLearningBasedSystem;
			};
			name = Debug;
		};
		B0EFC014265BB9C600507015 /* Release */ = {
			isa = XCBuildConfiguration;
			buildSettings = {
				ALWAYS_EMBED_SWIFT_STANDARD_LIBRARIES = YES;
				CODE_SIGN_STYLE = Automatic;
				INFOPLIST_FILE = MachineLearningBasedSystemUITests/Info.plist;
				LD_RUNPATH_SEARCH_PATHS = (
					"$(inherited)",
					"@executable_path/Frameworks",
					"@loader_path/Frameworks",
				);
				PRODUCT_BUNDLE_IDENTIFIER = jd.MachineLearningBasedSystemUITests;
				PRODUCT_NAME = "$(TARGET_NAME)";
				SWIFT_VERSION = 5.0;
				TARGETED_DEVICE_FAMILY = "1,2";
				TEST_TARGET_NAME = MachineLearningBasedSystem;
			};
			name = Release;
		};
/* End XCBuildConfiguration section */

/* Begin XCConfigurationList section */
		B0EFBFDD265BB9C400507015 /* Build configuration list for PBXProject "MachineLearningBasedSystem" */ = {
			isa = XCConfigurationList;
			buildConfigurations = (
				B0EFC00A265BB9C600507015 /* Debug */,
				B0EFC00B265BB9C600507015 /* Release */,
			);
			defaultConfigurationIsVisible = 0;
			defaultConfigurationName = Release;
		};
		B0EFC00C265BB9C600507015 /* Build configuration list for PBXNativeTarget "MachineLearningBasedSystem" */ = {
			isa = XCConfigurationList;
			buildConfigurations = (
				B0EFC00D265BB9C600507015 /* Debug */,
				B0EFC00E265BB9C600507015 /* Release */,
			);
			defaultConfigurationIsVisible = 0;
			defaultConfigurationName = Release;
		};
		B0EFC00F265BB9C600507015 /* Build configuration list for PBXNativeTarget "MachineLearningBasedSystemTests" */ = {
			isa = XCConfigurationList;
			buildConfigurations = (
				B0EFC010265BB9C600507015 /* Debug */,
				B0EFC011265BB9C600507015 /* Release */,
			);
			defaultConfigurationIsVisible = 0;
			defaultConfigurationName = Release;
		};
		B0EFC012265BB9C600507015 /* Build configuration list for PBXNativeTarget "MachineLearningBasedSystemUITests" */ = {
			isa = XCConfigurationList;
			buildConfigurations = (
				B0EFC013265BB9C600507015 /* Debug */,
				B0EFC014265BB9C600507015 /* Release */,
			);
			defaultConfigurationIsVisible = 0;
			defaultConfigurationName = Release;
		};
/* End XCConfigurationList section */
	};
	rootObject = B0EFBFDA265BB9C400507015 /* Project object */;
}
